<?xml version="1.0" encoding="utf-8"?>
<Project ToolsVersion="17.0" xmlns="http://schemas.microsoft.com/developer/msbuild/2003">
  <ItemGroup>
    <CustomBuild Include="C:\repos\aggregator\CMakeFiles\7af80175ea43df353e3fc7b99a4f9bbc\INSTALL_force.rule">
      <Filter>CMake Rules</Filter>
    </CustomBuild>
  </ItemGroup>
  <ItemGroup>
    <Filter Include="CMake Rules">
      <UniqueIdentifier>{E7E466E6-ED8B-3F4E-B729-423096E5E107}</UniqueIdentifier>
    </Filter>
  </ItemGroup>
</Project>
